
Microsoft Visual Studio Solution File, Format Version 12.00
# Visual Studio Version 17
VisualStudioVersion = 17.9.34728.123
MinimumVisualStudioVersion = 10.0.40219.1
Project("{FAE04EC0-301F-11D3-BF4B-00C04F79EFBC}") = "AppCleanProject.Application", "AppCleanProject.Application\AppCleanProject.Application.csproj", "{6ABE6C02-4C12-4D4C-BC6C-BF5DED91BF96}"
EndProject
Project("{FAE04EC0-301F-11D3-BF4B-00C04F79EFBC}") = "AppCleanProject.Domain", "AppCleanProject.Domain\AppCleanProject.Domain.csproj", "{D229B89D-02E1-4DFE-8309-5F748974E29F}"
EndProject
Project("{FAE04EC0-301F-11D3-BF4B-00C04F79EFBC}") = "AppCleanProject.Infraestructure", "AppCleanProject.Infraestructure\AppCleanProject.Infraestructure.csproj", "{5DFEE9E7-7577-420A-8B9B-C3C18C0EC1AE}"
EndProject
Project("{2150E333-8FDC-42A3-9474-1A3956D46DE8}") = "Presentation", "Presentation", "{313934FB-B38D-4EA7-946E-AA66C2E196F5}"
EndProject
Project("{FAE04EC0-301F-11D3-BF4B-00C04F79EFBC}") = "AppCleanProject.WebApi", "AppCleanProject.WebApi\AppCleanProject.WebApi.csproj", "{AEE23863-2ED6-429B-9621-9D1124B84F18}"
EndProject
Global
	GlobalSection(SolutionConfigurationPlatforms) = preSolution
		Debug|Any CPU = Debug|Any CPU
		Release|Any CPU = Release|Any CPU
	EndGlobalSection
	GlobalSection(ProjectConfigurationPlatforms) = postSolution
		{6ABE6C02-4C12-4D4C-BC6C-BF5DED91BF96}.Debug|Any CPU.ActiveCfg = Debug|Any CPU
		{6ABE6C02-4C12-4D4C-BC6C-BF5DED91BF96}.Debug|Any CPU.Build.0 = Debug|Any CPU
		{6ABE6C02-4C12-4D4C-BC6C-BF5DED91BF96}.Release|Any CPU.ActiveCfg = Release|Any CPU
		{6ABE6C02-4C12-4D4C-BC6C-BF5DED91BF96}.Release|Any CPU.Build.0 = Release|Any CPU
		{D229B89D-02E1-4DFE-8309-5F748974E29F}.Debug|Any CPU.ActiveCfg = Debug|Any CPU
		{D229B89D-02E1-4DFE-8309-5F748974E29F}.Debug|Any CPU.Build.0 = Debug|Any CPU
		{D229B89D-02E1-4DFE-8309-5F748974E29F}.Release|Any CPU.ActiveCfg = Release|Any CPU
		{D229B89D-02E1-4DFE-8309-5F748974E29F}.Release|Any CPU.Build.0 = Release|Any CPU
		{5DFEE9E7-7577-420A-8B9B-C3C18C0EC1AE}.Debug|Any CPU.ActiveCfg = Debug|Any CPU
		{5DFEE9E7-7577-420A-8B9B-C3C18C0EC1AE}.Debug|Any CPU.Build.0 = Debug|Any CPU
		{5DFEE9E7-7577-420A-8B9B-C3C18C0EC1AE}.Release|Any CPU.ActiveCfg = Release|Any CPU
		{5DFEE9E7-7577-420A-8B9B-C3C18C0EC1AE}.Release|Any CPU.Build.0 = Release|Any CPU
		{AEE23863-2ED6-429B-9621-9D1124B84F18}.Debug|Any CPU.ActiveCfg = Debug|Any CPU
		{AEE23863-2ED6-429B-9621-9D1124B84F18}.Debug|Any CPU.Build.0 = Debug|Any CPU
		{AEE23863-2ED6-429B-9621-9D1124B84F18}.Release|Any CPU.ActiveCfg = Release|Any CPU
		{AEE23863-2ED6-429B-9621-9D1124B84F18}.Release|Any CPU.Build.0 = Release|Any CPU
	EndGlobalSection
	GlobalSection(SolutionProperties) = preSolution
		HideSolutionNode = FALSE
	EndGlobalSection
	GlobalSection(NestedProjects) = preSolution
		{AEE23863-2ED6-429B-9621-9D1124B84F18} = {313934FB-B38D-4EA7-946E-AA66C2E196F5}
	EndGlobalSection
	GlobalSection(ExtensibilityGlobals) = postSolution
		SolutionGuid = {C43476D1-36F1-4673-A224-2D9AA7201A55}
	EndGlobalSection
EndGlobal
